
Microsoft Visual Studio Solution File, Format Version 12.00
# Visual Studio Version 17
VisualStudioVersion = 17.14.36310.24
MinimumVisualStudioVersion = 10.0.40219.1
Project("{FAE04EC0-301F-11D3-BF4B-00C04F79EFBC}") = "DalTest", "DalTest\DalTest.csproj", "{FF95780B-7219-4A7B-A8E6-798CFB22FB20}"
EndProject
Project("{FAE04EC0-301F-11D3-BF4B-00C04F79EFBC}") = "DalFacade", "DalFacade\DalFacade.csproj", "{381EA25F-7E12-4DDA-B500-C8142B18070A}"
EndProject
Project("{FAE04EC0-301F-11D3-BF4B-00C04F79EFBC}") = "DalList", "DalList\DalList.csproj", "{30E2BDC6-8D8A-494B-B70B-DCCA2384F379}"
EndProject
Global
	GlobalSection(SolutionConfigurationPlatforms) = preSolution
		Debug|Any CPU = Debug|Any CPU
		Release|Any CPU = Release|Any CPU
	EndGlobalSection
	GlobalSection(ProjectConfigurationPlatforms) = postSolution
		{FF95780B-7219-4A7B-A8E6-798CFB22FB20}.Debug|Any CPU.ActiveCfg = Debug|Any CPU
		{FF95780B-7219-4A7B-A8E6-798CFB22FB20}.Debug|Any CPU.Build.0 = Debug|Any CPU
		{FF95780B-7219-4A7B-A8E6-798CFB22FB20}.Release|Any CPU.ActiveCfg = Release|Any CPU
		{FF95780B-7219-4A7B-A8E6-798CFB22FB20}.Release|Any CPU.Build.0 = Release|Any CPU
		{381EA25F-7E12-4DDA-B500-C8142B18070A}.Debug|Any CPU.ActiveCfg = Debug|Any CPU
		{381EA25F-7E12-4DDA-B500-C8142B18070A}.Debug|Any CPU.Build.0 = Debug|Any CPU
		{381EA25F-7E12-4DDA-B500-C8142B18070A}.Release|Any CPU.ActiveCfg = Release|Any CPU
		{381EA25F-7E12-4DDA-B500-C8142B18070A}.Release|Any CPU.Build.0 = Release|Any CPU
		{30E2BDC6-8D8A-494B-B70B-DCCA2384F379}.Debug|Any CPU.ActiveCfg = Debug|Any CPU
		{30E2BDC6-8D8A-494B-B70B-DCCA2384F379}.Debug|Any CPU.Build.0 = Debug|Any CPU
		{30E2BDC6-8D8A-494B-B70B-DCCA2384F379}.Release|Any CPU.ActiveCfg = Release|Any CPU
		{30E2BDC6-8D8A-494B-B70B-DCCA2384F379}.Release|Any CPU.Build.0 = Release|Any CPU
	EndGlobalSection
	GlobalSection(SolutionProperties) = preSolution
		HideSolutionNode = FALSE
	EndGlobalSection
	GlobalSection(ExtensibilityGlobals) = postSolution
		SolutionGuid = {71C2D613-B8B9-4F02-B78E-89AF77480E23}
	EndGlobalSection
EndGlobal
